
Microsoft Visual Studio Solution File, Format Version 12.00
# Visual Studio Version 17
VisualStudioVersion = 17.4.33103.184
MinimumVisualStudioVersion = 10.0.40219.1
Project("{9A19103F-16F7-4668-BE54-9A1E7A4F7556}") = "TrafficLights.Models", "src\Core\TrafficLights.Models\TrafficLights.Models.csproj", "{2656CFD7-CBF3-4C90-A5B6-FAD11EC71647}"
EndProject
Project("{FAE04EC0-301F-11D3-BF4B-00C04F79EFBC}") = "TrafficLights.WebApi", "src\Presentation\TrafficLights.WebApi\TrafficLights.WebApi.csproj", "{7FC14AC6-87B7-4D77-B345-3E98F1C8A72F}"
EndProject
Project("{FAE04EC0-301F-11D3-BF4B-00C04F79EFBC}") = "TrafficLights.Infrastructure", "src\Infrastructure\TrafficLights.Infrastructure\TrafficLights.Infrastructure.csproj", "{28D70B57-50F8-4380-9E10-5106128CE034}"
EndProject
Project("{FAE04EC0-301F-11D3-BF4B-00C04F79EFBC}") = "TrafficLights.Grpc", "src\Presentation\TrafficLights.Grpc\TrafficLights.Grpc.csproj", "{035FB347-7DDC-41E7-8E78-9386840B1A0F}"
EndProject
Global
	GlobalSection(SolutionConfigurationPlatforms) = preSolution
		Debug|Any CPU = Debug|Any CPU
		Release|Any CPU = Release|Any CPU
	EndGlobalSection
	GlobalSection(ProjectConfigurationPlatforms) = postSolution
		{2656CFD7-CBF3-4C90-A5B6-FAD11EC71647}.Debug|Any CPU.ActiveCfg = Debug|Any CPU
		{2656CFD7-CBF3-4C90-A5B6-FAD11EC71647}.Debug|Any CPU.Build.0 = Debug|Any CPU
		{2656CFD7-CBF3-4C90-A5B6-FAD11EC71647}.Release|Any CPU.ActiveCfg = Release|Any CPU
		{2656CFD7-CBF3-4C90-A5B6-FAD11EC71647}.Release|Any CPU.Build.0 = Release|Any CPU
		{7FC14AC6-87B7-4D77-B345-3E98F1C8A72F}.Debug|Any CPU.ActiveCfg = Debug|Any CPU
		{7FC14AC6-87B7-4D77-B345-3E98F1C8A72F}.Debug|Any CPU.Build.0 = Debug|Any CPU
		{7FC14AC6-87B7-4D77-B345-3E98F1C8A72F}.Release|Any CPU.ActiveCfg = Release|Any CPU
		{7FC14AC6-87B7-4D77-B345-3E98F1C8A72F}.Release|Any CPU.Build.0 = Release|Any CPU
		{28D70B57-50F8-4380-9E10-5106128CE034}.Debug|Any CPU.ActiveCfg = Debug|Any CPU
		{28D70B57-50F8-4380-9E10-5106128CE034}.Debug|Any CPU.Build.0 = Debug|Any CPU
		{28D70B57-50F8-4380-9E10-5106128CE034}.Release|Any CPU.ActiveCfg = Release|Any CPU
		{28D70B57-50F8-4380-9E10-5106128CE034}.Release|Any CPU.Build.0 = Release|Any CPU
		{035FB347-7DDC-41E7-8E78-9386840B1A0F}.Debug|Any CPU.ActiveCfg = Debug|Any CPU
		{035FB347-7DDC-41E7-8E78-9386840B1A0F}.Debug|Any CPU.Build.0 = Debug|Any CPU
		{035FB347-7DDC-41E7-8E78-9386840B1A0F}.Release|Any CPU.ActiveCfg = Release|Any CPU
		{035FB347-7DDC-41E7-8E78-9386840B1A0F}.Release|Any CPU.Build.0 = Release|Any CPU
	EndGlobalSection
	GlobalSection(SolutionProperties) = preSolution
		HideSolutionNode = FALSE
	EndGlobalSection
	GlobalSection(ExtensibilityGlobals) = postSolution
		SolutionGuid = {9332C9E6-4C9A-41B1-A54B-5C5AC9EFAAA7}
	EndGlobalSection
EndGlobal
